
Microsoft Visual Studio Solution File, Format Version 12.00
# Visual Studio 15
VisualStudioVersion = 15.0.28307.106
MinimumVisualStudioVersion = 10.0.40219.1
Project("{FAE04EC0-301F-11D3-BF4B-00C04F79EFBC}") = "AgenciaSeguro.Entidades", "AgenciaSeguro.Entidades\AgenciaSeguro.Entidades.csproj", "{74DCC83D-3645-4E24-95EE-B997A6077D52}"
EndProject
Project("{FAE04EC0-301F-11D3-BF4B-00C04F79EFBC}") = "AgenciaSeguro.Datos", "AgenciaSeguro.Datos\AgenciaSeguro.Datos.csproj", "{CC7E7015-1D9C-4CFC-AADD-104650AC8736}"
EndProject
Project("{FAE04EC0-301F-11D3-BF4B-00C04F79EFBC}") = "AgenciaSeguro.Web", "AgenciaSeguro.Web\AgenciaSeguro.Web.csproj", "{822B33F2-12F5-45E6-AA06-5F83863E5911}"
EndProject
Global
	GlobalSection(SolutionConfigurationPlatforms) = preSolution
		Debug|Any CPU = Debug|Any CPU
		Release|Any CPU = Release|Any CPU
	EndGlobalSection
	GlobalSection(ProjectConfigurationPlatforms) = postSolution
		{74DCC83D-3645-4E24-95EE-B997A6077D52}.Debug|Any CPU.ActiveCfg = Debug|Any CPU
		{74DCC83D-3645-4E24-95EE-B997A6077D52}.Debug|Any CPU.Build.0 = Debug|Any CPU
		{74DCC83D-3645-4E24-95EE-B997A6077D52}.Release|Any CPU.ActiveCfg = Release|Any CPU
		{74DCC83D-3645-4E24-95EE-B997A6077D52}.Release|Any CPU.Build.0 = Release|Any CPU
		{CC7E7015-1D9C-4CFC-AADD-104650AC8736}.Debug|Any CPU.ActiveCfg = Debug|Any CPU
		{CC7E7015-1D9C-4CFC-AADD-104650AC8736}.Debug|Any CPU.Build.0 = Debug|Any CPU
		{CC7E7015-1D9C-4CFC-AADD-104650AC8736}.Release|Any CPU.ActiveCfg = Release|Any CPU
		{CC7E7015-1D9C-4CFC-AADD-104650AC8736}.Release|Any CPU.Build.0 = Release|Any CPU
		{822B33F2-12F5-45E6-AA06-5F83863E5911}.Debug|Any CPU.ActiveCfg = Debug|Any CPU
		{822B33F2-12F5-45E6-AA06-5F83863E5911}.Debug|Any CPU.Build.0 = Debug|Any CPU
		{822B33F2-12F5-45E6-AA06-5F83863E5911}.Release|Any CPU.ActiveCfg = Release|Any CPU
		{822B33F2-12F5-45E6-AA06-5F83863E5911}.Release|Any CPU.Build.0 = Release|Any CPU
	EndGlobalSection
	GlobalSection(SolutionProperties) = preSolution
		HideSolutionNode = FALSE
	EndGlobalSection
	GlobalSection(ExtensibilityGlobals) = postSolution
		SolutionGuid = {DEAE1628-ED9E-4045-92AA-8FF2AA6103C2}
	EndGlobalSection
EndGlobal
